// !$*UTF8*$!
{
	archiveVersion = 1;
	classes = {
	};
	objectVersion = 50;
	objects = {

/* Begin PBXBuildFile section */
		641A4660216E2EF2005971B7 /* AppDelegate.swift in Sources */ = {isa = PBXBuildFile; fileRef = 641A465F216E2EF2005971B7 /* AppDelegate.swift */; };
		641A4665216E2EF2005971B7 /* Main.storyboard in Resources */ = {isa = PBXBuildFile; fileRef = 641A4663216E2EF2005971B7 /* Main.storyboard */; };
		641A4667216E2EF5005971B7 /* Assets.xcassets in Resources */ = {isa = PBXBuildFile; fileRef = 641A4666216E2EF5005971B7 /* Assets.xcassets */; };
		641A466A216E2EF5005971B7 /* LaunchScreen.storyboard in Resources */ = {isa = PBXBuildFile; fileRef = 641A4668216E2EF5005971B7 /* LaunchScreen.storyboard */; };
		641A4675216E2EF5005971B7 /* WekennTests.swift in Sources */ = {isa = PBXBuildFile; fileRef = 641A4674216E2EF5005971B7 /* WekennTests.swift */; };
		641A4680216E2EF5005971B7 /* WekennUITests.swift in Sources */ = {isa = PBXBuildFile; fileRef = 641A467F216E2EF5005971B7 /* WekennUITests.swift */; };
		944BB0D721AF60E200F8A0EE /* Mapdata.swift in Sources */ = {isa = PBXBuildFile; fileRef = 944BB0D621AF60E200F8A0EE /* Mapdata.swift */; };
		9644FD0E21C858D700FB5CD1 /* LikersCollectionViewCell.swift in Sources */ = {isa = PBXBuildFile; fileRef = 9644FD0C21C858D700FB5CD1 /* LikersCollectionViewCell.swift */; };
		9644FD0F21C858D700FB5CD1 /* LikersCollectionViewCell.xib in Resources */ = {isa = PBXBuildFile; fileRef = 9644FD0D21C858D700FB5CD1 /* LikersCollectionViewCell.xib */; };
		9644FD1321C86D3E00FB5CD1 /* LikersViewCell.swift in Sources */ = {isa = PBXBuildFile; fileRef = 9644FD1221C86D3E00FB5CD1 /* LikersViewCell.swift */; };
		9644FD1521C93C0600FB5CD1 /* ProfilViewController.swift in Sources */ = {isa = PBXBuildFile; fileRef = 9644FD1421C93C0600FB5CD1 /* ProfilViewController.swift */; };
		9644FD1721C93C1400FB5CD1 /* EditProfileViewController.swift in Sources */ = {isa = PBXBuildFile; fileRef = 9644FD1621C93C1300FB5CD1 /* EditProfileViewController.swift */; };
		9644FD1B21C93D6100FB5CD1 /* Post.swift in Sources */ = {isa = PBXBuildFile; fileRef = 9644FD1A21C93D6000FB5CD1 /* Post.swift */; };
		9644FD1D21C93DD400FB5CD1 /* GalleryCell.swift in Sources */ = {isa = PBXBuildFile; fileRef = 9644FD1C21C93DD300FB5CD1 /* GalleryCell.swift */; };
		9644FD1F21C95AE900FB5CD1 /* CameraViewController.swift in Sources */ = {isa = PBXBuildFile; fileRef = 9644FD1E21C95AE800FB5CD1 /* CameraViewController.swift */; };
		96B36CA621896BFD007F8EE1 /* LoginViewController.swift in Sources */ = {isa = PBXBuildFile; fileRef = 96B36CA521896BFD007F8EE1 /* LoginViewController.swift */; };
		96B36CA821896C08007F8EE1 /* SignUpViewController.swift in Sources */ = {isa = PBXBuildFile; fileRef = 96B36CA721896C08007F8EE1 /* SignUpViewController.swift */; };
		96B36CAA21896C15007F8EE1 /* HomeViewController.swift in Sources */ = {isa = PBXBuildFile; fileRef = 96B36CA921896C15007F8EE1 /* HomeViewController.swift */; };
		96BCB05D21C6EBF900490AB3 /* Chat in Resources */ = {isa = PBXBuildFile; fileRef = 96BCB05C21C6EBF900490AB3 /* Chat */; };
		96BCB05F21C8432700490AB3 /* likersViewController.swift in Sources */ = {isa = PBXBuildFile; fileRef = 96BCB05E21C8432700490AB3 /* likersViewController.swift */; };
		96BE653321C1EE2E00EEBB6C /* LoadingViewViewController.swift in Sources */ = {isa = PBXBuildFile; fileRef = 96BE653221C1EE2E00EEBB6C /* LoadingViewViewController.swift */; };
		96BE653D21C2484900EEBB6C /* Umodel.swift in Sources */ = {isa = PBXBuildFile; fileRef = 96BE653C21C2484900EEBB6C /* Umodel.swift */; };
		96BE653F21C2524700EEBB6C /* UdetailsViewController.swift in Sources */ = {isa = PBXBuildFile; fileRef = 96BE653E21C2524700EEBB6C /* UdetailsViewController.swift */; };
		D06BD7AB61503F6F6BE48835 /* Pods_Wekenn.framework in Frameworks */ = {isa = PBXBuildFile; fileRef = F18657DA265B2CFF6D121EB5 /* Pods_Wekenn.framework */; };
		D107600AA1E04C84C10BDAB5 /* Pods_WekennUITests.framework in Frameworks */ = {isa = PBXBuildFile; fileRef = 0D4D9AB79614409955C302AD /* Pods_WekennUITests.framework */; };
		D92D41B2721B13F4DFFC39D5 /* Pods_WekennTests.framework in Frameworks */ = {isa = PBXBuildFile; fileRef = D698F8AA3079BBDCF2C6FE0E /* Pods_WekennTests.framework */; };
/* End PBXBuildFile section */

/* Begin PBXContainerItemProxy section */
		641A4671216E2EF5005971B7 /* PBXContainerItemProxy */ = {
			isa = PBXContainerItemProxy;
			containerPortal = 641A4654216E2EF2005971B7 /* Project object */;
			proxyType = 1;
			remoteGlobalIDString = 641A465B216E2EF2005971B7;
			remoteInfo = Wekenn;
		};
		641A467C216E2EF5005971B7 /* PBXContainerItemProxy */ = {
			isa = PBXContainerItemProxy;
			containerPortal = 641A4654216E2EF2005971B7 /* Project object */;
			proxyType = 1;
			remoteGlobalIDString = 641A465B216E2EF2005971B7;
			remoteInfo = Wekenn;
		};
/* End PBXContainerItemProxy section */

/* Begin PBXFileReference section */
		06F17CA162ACCA74A8E96481 /* Pods-WekennTests.debug.xcconfig */ = {isa = PBXFileReference; includeInIndex = 1; lastKnownFileType = text.xcconfig; name = "Pods-WekennTests.debug.xcconfig"; path = "Pods/Target Support Files/Pods-WekennTests/Pods-WekennTests.debug.xcconfig"; sourceTree = "<group>"; };
		0D4D9AB79614409955C302AD /* Pods_WekennUITests.framework */ = {isa = PBXFileReference; explicitFileType = wrapper.framework; includeInIndex = 0; path = Pods_WekennUITests.framework; sourceTree = BUILT_PRODUCTS_DIR; };
		208622A255D378AFCA74EB0E /* Pods-Wekenn.release.xcconfig */ = {isa = PBXFileReference; includeInIndex = 1; lastKnownFileType = text.xcconfig; name = "Pods-Wekenn.release.xcconfig"; path = "Pods/Target Support Files/Pods-Wekenn/Pods-Wekenn.release.xcconfig"; sourceTree = "<group>"; };
		641A465C216E2EF2005971B7 /* Wekenn.app */ = {isa = PBXFileReference; explicitFileType = wrapper.application; includeInIndex = 0; path = Wekenn.app; sourceTree = BUILT_PRODUCTS_DIR; };
		641A465F216E2EF2005971B7 /* AppDelegate.swift */ = {isa = PBXFileReference; lastKnownFileType = sourcecode.swift; path = AppDelegate.swift; sourceTree = "<group>"; };
		641A4664216E2EF2005971B7 /* Base */ = {isa = PBXFileReference; lastKnownFileType = file.storyboard; name = Base; path = Base.lproj/Main.storyboard; sourceTree = "<group>"; };
		641A4666216E2EF5005971B7 /* Assets.xcassets */ = {isa = PBXFileReference; lastKnownFileType = folder.assetcatalog; path = Assets.xcassets; sourceTree = "<group>"; };
		641A4669216E2EF5005971B7 /* Base */ = {isa = PBXFileReference; lastKnownFileType = file.storyboard; name = Base; path = Base.lproj/LaunchScreen.storyboard; sourceTree = "<group>"; };
		641A466B216E2EF5005971B7 /* Info.plist */ = {isa = PBXFileReference; lastKnownFileType = text.plist.xml; path = Info.plist; sourceTree = "<group>"; };
		641A4670216E2EF5005971B7 /* WekennTests.xctest */ = {isa = PBXFileReference; explicitFileType = wrapper.cfbundle; includeInIndex = 0; path = WekennTests.xctest; sourceTree = BUILT_PRODUCTS_DIR; };
		641A4674216E2EF5005971B7 /* WekennTests.swift */ = {isa = PBXFileReference; lastKnownFileType = sourcecode.swift; path = WekennTests.swift; sourceTree = "<group>"; };
		641A4676216E2EF5005971B7 /* Info.plist */ = {isa = PBXFileReference; lastKnownFileType = text.plist.xml; path = Info.plist; sourceTree = "<group>"; };
		641A467B216E2EF5005971B7 /* WekennUITests.xctest */ = {isa = PBXFileReference; explicitFileType = wrapper.cfbundle; includeInIndex = 0; path = WekennUITests.xctest; sourceTree = BUILT_PRODUCTS_DIR; };
		641A467F216E2EF5005971B7 /* WekennUITests.swift */ = {isa = PBXFileReference; lastKnownFileType = sourcecode.swift; path = WekennUITests.swift; sourceTree = "<group>"; };
		641A4681216E2EF5005971B7 /* Info.plist */ = {isa = PBXFileReference; lastKnownFileType = text.plist.xml; path = Info.plist; sourceTree = "<group>"; };
		674DCEDCABAA15ED25353148 /* Pods-WekennTests.release.xcconfig */ = {isa = PBXFileReference; includeInIndex = 1; lastKnownFileType = text.xcconfig; name = "Pods-WekennTests.release.xcconfig"; path = "Pods/Target Support Files/Pods-WekennTests/Pods-WekennTests.release.xcconfig"; sourceTree = "<group>"; };
		944BB0D621AF60E200F8A0EE /* Mapdata.swift */ = {isa = PBXFileReference; lastKnownFileType = sourcecode.swift; path = Mapdata.swift; sourceTree = "<group>"; };
		9644FD0C21C858D700FB5CD1 /* LikersCollectionViewCell.swift */ = {isa = PBXFileReference; fileEncoding = 4; lastKnownFileType = sourcecode.swift; name = LikersCollectionViewCell.swift; path = "Likers Views/LikersCollectionViewCell.swift"; sourceTree = SOURCE_ROOT; };
		9644FD0D21C858D700FB5CD1 /* LikersCollectionViewCell.xib */ = {isa = PBXFileReference; fileEncoding = 4; lastKnownFileType = file.xib; name = LikersCollectionViewCell.xib; path = "Likers Views/LikersCollectionViewCell.xib"; sourceTree = SOURCE_ROOT; };
		9644FD1221C86D3E00FB5CD1 /* LikersViewCell.swift */ = {isa = PBXFileReference; lastKnownFileType = sourcecode.swift; path = LikersViewCell.swift; sourceTree = "<group>"; };
		9644FD1421C93C0600FB5CD1 /* ProfilViewController.swift */ = {isa = PBXFileReference; fileEncoding = 4; lastKnownFileType = sourcecode.swift; name = ProfilViewController.swift; path = ../../../Instagram/Instagram/ViewControllers/ProfilViewController.swift; sourceTree = "<group>"; };
		9644FD1621C93C1300FB5CD1 /* EditProfileViewController.swift */ = {isa = PBXFileReference; fileEncoding = 4; lastKnownFileType = sourcecode.swift; name = EditProfileViewController.swift; path = ../../../Instagram/Instagram/ViewControllers/EditProfileViewController.swift; sourceTree = "<group>"; };
		9644FD1A21C93D6000FB5CD1 /* Post.swift */ = {isa = PBXFileReference; fileEncoding = 4; lastKnownFileType = sourcecode.swift; name = Post.swift; path = ../../Instagram/Instagram/Post.swift; sourceTree = "<group>"; };
		9644FD1C21C93DD300FB5CD1 /* GalleryCell.swift */ = {isa = PBXFileReference; fileEncoding = 4; lastKnownFileType = sourcecode.swift; name = GalleryCell.swift; path = ../../Instagram/Instagram/GalleryCell.swift; sourceTree = "<group>"; };
		9644FD1E21C95AE800FB5CD1 /* CameraViewController.swift */ = {isa = PBXFileReference; fileEncoding = 4; lastKnownFileType = sourcecode.swift; name = CameraViewController.swift; path = ../../../Instagram/Instagram/ViewControllers/CameraViewController.swift; sourceTree = "<group>"; };
		96B36CA521896BFD007F8EE1 /* LoginViewController.swift */ = {isa = PBXFileReference; lastKnownFileType = sourcecode.swift; path = LoginViewController.swift; sourceTree = "<group>"; };
		96B36CA721896C08007F8EE1 /* SignUpViewController.swift */ = {isa = PBXFileReference; lastKnownFileType = sourcecode.swift; path = SignUpViewController.swift; sourceTree = "<group>"; };
		96B36CA921896C15007F8EE1 /* HomeViewController.swift */ = {isa = PBXFileReference; lastKnownFileType = sourcecode.swift; path = HomeViewController.swift; sourceTree = "<group>"; };
		96BCB05C21C6EBF900490AB3 /* Chat */ = {isa = PBXFileReference; lastKnownFileType = folder; path = Chat; sourceTree = "<group>"; };
		96BCB05E21C8432700490AB3 /* likersViewController.swift */ = {isa = PBXFileReference; lastKnownFileType = sourcecode.swift; path = likersViewController.swift; sourceTree = "<group>"; };
		96BE653221C1EE2E00EEBB6C /* LoadingViewViewController.swift */ = {isa = PBXFileReference; fileEncoding = 4; lastKnownFileType = sourcecode.swift; path = LoadingViewViewController.swift; sourceTree = "<group>"; };
		96BE653C21C2484900EEBB6C /* Umodel.swift */ = {isa = PBXFileReference; lastKnownFileType = sourcecode.swift; path = Umodel.swift; sourceTree = "<group>"; };
		96BE653E21C2524700EEBB6C /* UdetailsViewController.swift */ = {isa = PBXFileReference; lastKnownFileType = sourcecode.swift; path = UdetailsViewController.swift; sourceTree = "<group>"; };
		9970A3E319C01C3962079C72 /* Pods-WekennUITests.release.xcconfig */ = {isa = PBXFileReference; includeInIndex = 1; lastKnownFileType = text.xcconfig; name = "Pods-WekennUITests.release.xcconfig"; path = "Pods/Target Support Files/Pods-WekennUITests/Pods-WekennUITests.release.xcconfig"; sourceTree = "<group>"; };
		BA314AB9418BADB19E687832 /* Pods-WekennUITests.debug.xcconfig */ = {isa = PBXFileReference; includeInIndex = 1; lastKnownFileType = text.xcconfig; name = "Pods-WekennUITests.debug.xcconfig"; path = "Pods/Target Support Files/Pods-WekennUITests/Pods-WekennUITests.debug.xcconfig"; sourceTree = "<group>"; };
		D698F8AA3079BBDCF2C6FE0E /* Pods_WekennTests.framework */ = {isa = PBXFileReference; explicitFileType = wrapper.framework; includeInIndex = 0; path = Pods_WekennTests.framework; sourceTree = BUILT_PRODUCTS_DIR; };
		E08EBBE44FB1E59931224661 /* Pods-Wekenn.debug.xcconfig */ = {isa = PBXFileReference; includeInIndex = 1; lastKnownFileType = text.xcconfig; name = "Pods-Wekenn.debug.xcconfig"; path = "Pods/Target Support Files/Pods-Wekenn/Pods-Wekenn.debug.xcconfig"; sourceTree = "<group>"; };
		F18657DA265B2CFF6D121EB5 /* Pods_Wekenn.framework */ = {isa = PBXFileReference; explicitFileType = wrapper.framework; includeInIndex = 0; path = Pods_Wekenn.framework; sourceTree = BUILT_PRODUCTS_DIR; };
/* End PBXFileReference section */

/* Begin PBXFrameworksBuildPhase section */
		641A4659216E2EF2005971B7 /* Frameworks */ = {
			isa = PBXFrameworksBuildPhase;
			buildActionMask = 2147483647;
			files = (
				D06BD7AB61503F6F6BE48835 /* Pods_Wekenn.framework in Frameworks */,
			);
			runOnlyForDeploymentPostprocessing = 0;
		};
		641A466D216E2EF5005971B7 /* Frameworks */ = {
			isa = PBXFrameworksBuildPhase;
			buildActionMask = 2147483647;
			files = (
				D92D41B2721B13F4DFFC39D5 /* Pods_WekennTests.framework in Frameworks */,
			);
			runOnlyForDeploymentPostprocessing = 0;
		};
		641A4678216E2EF5005971B7 /* Frameworks */ = {
			isa = PBXFrameworksBuildPhase;
			buildActionMask = 2147483647;
			files = (
				D107600AA1E04C84C10BDAB5 /* Pods_WekennUITests.framework in Frameworks */,
			);
			runOnlyForDeploymentPostprocessing = 0;
		};
/* End PBXFrameworksBuildPhase section */

/* Begin PBXGroup section */
		3943FFEA513935C26AA4FF03 /* Frameworks */ = {
			isa = PBXGroup;
			children = (
				F18657DA265B2CFF6D121EB5 /* Pods_Wekenn.framework */,
				D698F8AA3079BBDCF2C6FE0E /* Pods_WekennTests.framework */,
				0D4D9AB79614409955C302AD /* Pods_WekennUITests.framework */,
			);
			name = Frameworks;
			sourceTree = "<group>";
		};
		454ED817C31E29545A1CFE39 /* Pods */ = {
			isa = PBXGroup;
			children = (
				E08EBBE44FB1E59931224661 /* Pods-Wekenn.debug.xcconfig */,
				208622A255D378AFCA74EB0E /* Pods-Wekenn.release.xcconfig */,
				06F17CA162ACCA74A8E96481 /* Pods-WekennTests.debug.xcconfig */,
				674DCEDCABAA15ED25353148 /* Pods-WekennTests.release.xcconfig */,
				BA314AB9418BADB19E687832 /* Pods-WekennUITests.debug.xcconfig */,
				9970A3E319C01C3962079C72 /* Pods-WekennUITests.release.xcconfig */,
			);
			name = Pods;
			sourceTree = "<group>";
		};
		641A4653216E2EF2005971B7 = {
			isa = PBXGroup;
			children = (
				641A465E216E2EF2005971B7 /* Wekenn */,
				641A4673216E2EF5005971B7 /* WekennTests */,
				641A467E216E2EF5005971B7 /* WekennUITests */,
				641A465D216E2EF2005971B7 /* Products */,
				454ED817C31E29545A1CFE39 /* Pods */,
				3943FFEA513935C26AA4FF03 /* Frameworks */,
			);
			sourceTree = "<group>";
		};
		641A465D216E2EF2005971B7 /* Products */ = {
			isa = PBXGroup;
			children = (
				641A465C216E2EF2005971B7 /* Wekenn.app */,
				641A4670216E2EF5005971B7 /* WekennTests.xctest */,
				641A467B216E2EF5005971B7 /* WekennUITests.xctest */,
			);
			name = Products;
			sourceTree = "<group>";
		};
		641A465E216E2EF2005971B7 /* Wekenn */ = {
			isa = PBXGroup;
			children = (
				9644FD1A21C93D6000FB5CD1 /* Post.swift */,
				9644FD1C21C93DD300FB5CD1 /* GalleryCell.swift */,
				9644FD0B21C858CA00FB5CD1 /* Likers Views */,
				96BCB05C21C6EBF900490AB3 /* Chat */,
				9415AA6421B21900009A1CDB /* SupportingFiles */,
				944BB0D521AF607D00F8A0EE /* Model */,
				96B36C9E218967D2007F8EE1 /* ViewControllers */,
				641A465F216E2EF2005971B7 /* AppDelegate.swift */,
				641A4663216E2EF2005971B7 /* Main.storyboard */,
				641A4666216E2EF5005971B7 /* Assets.xcassets */,
				641A4668216E2EF5005971B7 /* LaunchScreen.storyboard */,
				641A466B216E2EF5005971B7 /* Info.plist */,
			);
			path = Wekenn;
			sourceTree = "<group>";
		};
		641A4673216E2EF5005971B7 /* WekennTests */ = {
			isa = PBXGroup;
			children = (
				641A4674216E2EF5005971B7 /* WekennTests.swift */,
				641A4676216E2EF5005971B7 /* Info.plist */,
			);
			path = WekennTests;
			sourceTree = "<group>";
		};
		641A467E216E2EF5005971B7 /* WekennUITests */ = {
			isa = PBXGroup;
			children = (
				641A467F216E2EF5005971B7 /* WekennUITests.swift */,
				641A4681216E2EF5005971B7 /* Info.plist */,
			);
			path = WekennUITests;
			sourceTree = "<group>";
		};
		9415AA6421B21900009A1CDB /* SupportingFiles */ = {
			isa = PBXGroup;
			children = (
			);
			path = SupportingFiles;
			sourceTree = "<group>";
		};
		944BB0D521AF607D00F8A0EE /* Model */ = {
			isa = PBXGroup;
			children = (
				944BB0D621AF60E200F8A0EE /* Mapdata.swift */,
				96BE653C21C2484900EEBB6C /* Umodel.swift */,
			);
			path = Model;
			sourceTree = "<group>";
		};
		9644FD0B21C858CA00FB5CD1 /* Likers Views */ = {
			isa = PBXGroup;
			children = (
				9644FD0C21C858D700FB5CD1 /* LikersCollectionViewCell.swift */,
				9644FD0D21C858D700FB5CD1 /* LikersCollectionViewCell.xib */,
				9644FD1221C86D3E00FB5CD1 /* LikersViewCell.swift */,
			);
			path = "Likers Views";
			sourceTree = "<group>";
		};
		96B36C9E218967D2007F8EE1 /* ViewControllers */ = {
			isa = PBXGroup;
			children = (
				96B36CA521896BFD007F8EE1 /* LoginViewController.swift */,
				9644FD1E21C95AE800FB5CD1 /* CameraViewController.swift */,
				96B36CA721896C08007F8EE1 /* SignUpViewController.swift */,
				9644FD1621C93C1300FB5CD1 /* EditProfileViewController.swift */,
				96BE653221C1EE2E00EEBB6C /* LoadingViewViewController.swift */,
				9644FD1421C93C0600FB5CD1 /* ProfilViewController.swift */,
				96B36CA921896C15007F8EE1 /* HomeViewController.swift */,
				96BE653E21C2524700EEBB6C /* UdetailsViewController.swift */,
				96BCB05E21C8432700490AB3 /* likersViewController.swift */,
			);
			path = ViewControllers;
			sourceTree = "<group>";
		};
/* End PBXGroup section */

/* Begin PBXNativeTarget section */
		641A465B216E2EF2005971B7 /* Wekenn */ = {
			isa = PBXNativeTarget;
			buildConfigurationList = 641A4684216E2EF5005971B7 /* Build configuration list for PBXNativeTarget "Wekenn" */;
			buildPhases = (
				A8AA0896E71B1A9A1B784E62 /* [CP] Check Pods Manifest.lock */,
				641A4658216E2EF2005971B7 /* Sources */,
				641A4659216E2EF2005971B7 /* Frameworks */,
				641A465A216E2EF2005971B7 /* Resources */,
				564B9FB80239A10D53856575 /* [CP] Embed Pods Frameworks */,
			);
			buildRules = (
			);
			dependencies = (
			);
			name = Wekenn;
			productName = Wekenn;
			productReference = 641A465C216E2EF2005971B7 /* Wekenn.app */;
			productType = "com.apple.product-type.application";
		};
		641A466F216E2EF5005971B7 /* WekennTests */ = {
			isa = PBXNativeTarget;
			buildConfigurationList = 641A4687216E2EF5005971B7 /* Build configuration list for PBXNativeTarget "WekennTests" */;
			buildPhases = (
				D00CA237DF8C74AB61896BF8 /* [CP] Check Pods Manifest.lock */,
				641A466C216E2EF5005971B7 /* Sources */,
				641A466D216E2EF5005971B7 /* Frameworks */,
				641A466E216E2EF5005971B7 /* Resources */,
			);
			buildRules = (
			);
			dependencies = (
				641A4672216E2EF5005971B7 /* PBXTargetDependency */,
			);
			name = WekennTests;
			productName = WekennTests;
			productReference = 641A4670216E2EF5005971B7 /* WekennTests.xctest */;
			productType = "com.apple.product-type.bundle.unit-test";
		};
		641A467A216E2EF5005971B7 /* WekennUITests */ = {
			isa = PBXNativeTarget;
			buildConfigurationList = 641A468A216E2EF5005971B7 /* Build configuration list for PBXNativeTarget "WekennUITests" */;
			buildPhases = (
				4F5D299F4D32514F8AB4F999 /* [CP] Check Pods Manifest.lock */,
				641A4677216E2EF5005971B7 /* Sources */,
				641A4678216E2EF5005971B7 /* Frameworks */,
				641A4679216E2EF5005971B7 /* Resources */,
			);
			buildRules = (
			);
			dependencies = (
				641A467D216E2EF5005971B7 /* PBXTargetDependency */,
			);
			name = WekennUITests;
			productName = WekennUITests;
			productReference = 641A467B216E2EF5005971B7 /* WekennUITests.xctest */;
			productType = "com.apple.product-type.bundle.ui-testing";
		};
/* End PBXNativeTarget section */

/* Begin PBXProject section */
		641A4654216E2EF2005971B7 /* Project object */ = {
			isa = PBXProject;
			attributes = {
				LastSwiftUpdateCheck = 0940;
				LastUpgradeCheck = 0940;
				ORGANIZATIONNAME = "Jules Frantz Stephane Loubeau";
				TargetAttributes = {
					641A465B216E2EF2005971B7 = {
						CreatedOnToolsVersion = 9.4.1;
					};
					641A466F216E2EF5005971B7 = {
						CreatedOnToolsVersion = 9.4.1;
						TestTargetID = 641A465B216E2EF2005971B7;
					};
					641A467A216E2EF5005971B7 = {
						CreatedOnToolsVersion = 9.4.1;
						TestTargetID = 641A465B216E2EF2005971B7;
					};
				};
			};
			buildConfigurationList = 641A4657216E2EF2005971B7 /* Build configuration list for PBXProject "Wekenn" */;
			compatibilityVersion = "Xcode 9.3";
			developmentRegion = en;
			hasScannedForEncodings = 0;
			knownRegions = (
				en,
				Base,
			);
			mainGroup = 641A4653216E2EF2005971B7;
			productRefGroup = 641A465D216E2EF2005971B7 /* Products */;
			projectDirPath = "";
			projectRoot = "";
			targets = (
				641A465B216E2EF2005971B7 /* Wekenn */,
				641A466F216E2EF5005971B7 /* WekennTests */,
				641A467A216E2EF5005971B7 /* WekennUITests */,
			);
		};
/* End PBXProject section */

/* Begin PBXResourcesBuildPhase section */
		641A465A216E2EF2005971B7 /* Resources */ = {
			isa = PBXResourcesBuildPhase;
			buildActionMask = 2147483647;
			files = (
				641A466A216E2EF5005971B7 /* LaunchScreen.storyboard in Resources */,
				641A4667216E2EF5005971B7 /* Assets.xcassets in Resources */,
				9644FD0F21C858D700FB5CD1 /* LikersCollectionViewCell.xib in Resources */,
				641A4665216E2EF2005971B7 /* Main.storyboard in Resources */,
				96BCB05D21C6EBF900490AB3 /* Chat in Resources */,
			);
			runOnlyForDeploymentPostprocessing = 0;
		};
		641A466E216E2EF5005971B7 /* Resources */ = {
			isa = PBXResourcesBuildPhase;
			buildActionMask = 2147483647;
			files = (
			);
			runOnlyForDeploymentPostprocessing = 0;
		};
		641A4679216E2EF5005971B7 /* Resources */ = {
			isa = PBXResourcesBuildPhase;
			buildActionMask = 2147483647;
			files = (
			);
			runOnlyForDeploymentPostprocessing = 0;
		};
/* End PBXResourcesBuildPhase section */

/* Begin PBXShellScriptBuildPhase section */
		4F5D299F4D32514F8AB4F999 /* [CP] Check Pods Manifest.lock */ = {
			isa = PBXShellScriptBuildPhase;
			buildActionMask = 2147483647;
			files = (
			);
			inputPaths = (
				"${PODS_PODFILE_DIR_PATH}/Podfile.lock",
				"${PODS_ROOT}/Manifest.lock",
			);
			name = "[CP] Check Pods Manifest.lock";
			outputPaths = (
				"$(DERIVED_FILE_DIR)/Pods-WekennUITests-checkManifestLockResult.txt",
			);
			runOnlyForDeploymentPostprocessing = 0;
			shellPath = /bin/sh;
			shellScript = "diff \"${PODS_PODFILE_DIR_PATH}/Podfile.lock\" \"${PODS_ROOT}/Manifest.lock\" > /dev/null\nif [ $? != 0 ] ; then\n    # print error to STDERR\n    echo \"error: The sandbox is not in sync with the Podfile.lock. Run 'pod install' or update your CocoaPods installation.\" >&2\n    exit 1\nfi\n# This output is used by Xcode 'outputs' to avoid re-running this script phase.\necho \"SUCCESS\" > \"${SCRIPT_OUTPUT_FILE_0}\"\n";
			showEnvVarsInLog = 0;
		};
		564B9FB80239A10D53856575 /* [CP] Embed Pods Frameworks */ = {
			isa = PBXShellScriptBuildPhase;
			buildActionMask = 2147483647;
			files = (
			);
			inputPaths = (
				"${SRCROOT}/Pods/Target Support Files/Pods-Wekenn/Pods-Wekenn-frameworks.sh",
				"${BUILT_PRODUCTS_DIR}/Alamofire/Alamofire.framework",
				"${BUILT_PRODUCTS_DIR}/AlamofireImage/AlamofireImage.framework",
				"${BUILT_PRODUCTS_DIR}/Bolts/Bolts.framework",
				"${BUILT_PRODUCTS_DIR}/Parse/Parse.framework",
			);
			name = "[CP] Embed Pods Frameworks";
			outputPaths = (
				"${TARGET_BUILD_DIR}/${FRAMEWORKS_FOLDER_PATH}/Alamofire.framework",
				"${TARGET_BUILD_DIR}/${FRAMEWORKS_FOLDER_PATH}/AlamofireImage.framework",
				"${TARGET_BUILD_DIR}/${FRAMEWORKS_FOLDER_PATH}/Bolts.framework",
				"${TARGET_BUILD_DIR}/${FRAMEWORKS_FOLDER_PATH}/Parse.framework",
			);
			runOnlyForDeploymentPostprocessing = 0;
			shellPath = /bin/sh;
			shellScript = "\"${SRCROOT}/Pods/Target Support Files/Pods-Wekenn/Pods-Wekenn-frameworks.sh\"\n";
			showEnvVarsInLog = 0;
		};
		A8AA0896E71B1A9A1B784E62 /* [CP] Check Pods Manifest.lock */ = {
			isa = PBXShellScriptBuildPhase;
			buildActionMask = 2147483647;
			files = (
			);
			inputPaths = (
				"${PODS_PODFILE_DIR_PATH}/Podfile.lock",
				"${PODS_ROOT}/Manifest.lock",
			);
			name = "[CP] Check Pods Manifest.lock";
			outputPaths = (
				"$(DERIVED_FILE_DIR)/Pods-Wekenn-checkManifestLockResult.txt",
			);
			runOnlyForDeploymentPostprocessing = 0;
			shellPath = /bin/sh;
			shellScript = "diff \"${PODS_PODFILE_DIR_PATH}/Podfile.lock\" \"${PODS_ROOT}/Manifest.lock\" > /dev/null\nif [ $? != 0 ] ; then\n    # print error to STDERR\n    echo \"error: The sandbox is not in sync with the Podfile.lock. Run 'pod install' or update your CocoaPods installation.\" >&2\n    exit 1\nfi\n# This output is used by Xcode 'outputs' to avoid re-running this script phase.\necho \"SUCCESS\" > \"${SCRIPT_OUTPUT_FILE_0}\"\n";
			showEnvVarsInLog = 0;
		};
		D00CA237DF8C74AB61896BF8 /* [CP] Check Pods Manifest.lock */ = {
			isa = PBXShellScriptBuildPhase;
			buildActionMask = 2147483647;
			files = (
			);
			inputPaths = (
				"${PODS_PODFILE_DIR_PATH}/Podfile.lock",
				"${PODS_ROOT}/Manifest.lock",
			);
			name = "[CP] Check Pods Manifest.lock";
			outputPaths = (
				"$(DERIVED_FILE_DIR)/Pods-WekennTests-checkManifestLockResult.txt",
			);
			runOnlyForDeploymentPostprocessing = 0;
			shellPath = /bin/sh;
			shellScript = "diff \"${PODS_PODFILE_DIR_PATH}/Podfile.lock\" \"${PODS_ROOT}/Manifest.lock\" > /dev/null\nif [ $? != 0 ] ; then\n    # print error to STDERR\n    echo \"error: The sandbox is not in sync with the Podfile.lock. Run 'pod install' or update your CocoaPods installation.\" >&2\n    exit 1\nfi\n# This output is used by Xcode 'outputs' to avoid re-running this script phase.\necho \"SUCCESS\" > \"${SCRIPT_OUTPUT_FILE_0}\"\n";
			showEnvVarsInLog = 0;
		};
/* End PBXShellScriptBuildPhase section */

/* Begin PBXSourcesBuildPhase section */
		641A4658216E2EF2005971B7 /* Sources */ = {
			isa = PBXSourcesBuildPhase;
			buildActionMask = 2147483647;
			files = (
				9644FD1721C93C1400FB5CD1 /* EditProfileViewController.swift in Sources */,
				9644FD1521C93C0600FB5CD1 /* ProfilViewController.swift in Sources */,
				96BE653321C1EE2E00EEBB6C /* LoadingViewViewController.swift in Sources */,
				96BE653F21C2524700EEBB6C /* UdetailsViewController.swift in Sources */,
				9644FD0E21C858D700FB5CD1 /* LikersCollectionViewCell.swift in Sources */,
				9644FD1B21C93D6100FB5CD1 /* Post.swift in Sources */,
				9644FD1D21C93DD400FB5CD1 /* GalleryCell.swift in Sources */,
				96B36CA821896C08007F8EE1 /* SignUpViewController.swift in Sources */,
				96B36CA621896BFD007F8EE1 /* LoginViewController.swift in Sources */,
				9644FD1321C86D3E00FB5CD1 /* LikersViewCell.swift in Sources */,
				96BE653D21C2484900EEBB6C /* Umodel.swift in Sources */,
				96BCB05F21C8432700490AB3 /* likersViewController.swift in Sources */,
				641A4660216E2EF2005971B7 /* AppDelegate.swift in Sources */,
				9644FD1F21C95AE900FB5CD1 /* CameraViewController.swift in Sources */,
				96B36CAA21896C15007F8EE1 /* HomeViewController.swift in Sources */,
				944BB0D721AF60E200F8A0EE /* Mapdata.swift in Sources */,
			);
			runOnlyForDeploymentPostprocessing = 0;
		};
		641A466C216E2EF5005971B7 /* Sources */ = {
			isa = PBXSourcesBuildPhase;
			buildActionMask = 2147483647;
			files = (
				641A4675216E2EF5005971B7 /* WekennTests.swift in Sources */,
			);
			runOnlyForDeploymentPostprocessing = 0;
		};
		641A4677216E2EF5005971B7 /* Sources */ = {
			isa = PBXSourcesBuildPhase;
			buildActionMask = 2147483647;
			files = (
				641A4680216E2EF5005971B7 /* WekennUITests.swift in Sources */,
			);
			runOnlyForDeploymentPostprocessing = 0;
		};
/* End PBXSourcesBuildPhase section */

/* Begin PBXTargetDependency section */
		641A4672216E2EF5005971B7 /* PBXTargetDependency */ = {
			isa = PBXTargetDependency;
			target = 641A465B216E2EF2005971B7 /* Wekenn */;
			targetProxy = 641A4671216E2EF5005971B7 /* PBXContainerItemProxy */;
		};
		641A467D216E2EF5005971B7 /* PBXTargetDependency */ = {
			isa = PBXTargetDependency;
			target = 641A465B216E2EF2005971B7 /* Wekenn */;
			targetProxy = 641A467C216E2EF5005971B7 /* PBXContainerItemProxy */;
		};
/* End PBXTargetDependency section */

/* Begin PBXVariantGroup section */
		641A4663216E2EF2005971B7 /* Main.storyboard */ = {
			isa = PBXVariantGroup;
			children = (
				641A4664216E2EF2005971B7 /* Base */,
			);
			name = Main.storyboard;
			sourceTree = "<group>";
		};
		641A4668216E2EF5005971B7 /* LaunchScreen.storyboard */ = {
			isa = PBXVariantGroup;
			children = (
				641A4669216E2EF5005971B7 /* Base */,
			);
			name = LaunchScreen.storyboard;
			sourceTree = "<group>";
		};
/* End PBXVariantGroup section */

/* Begin XCBuildConfiguration section */
		641A4682216E2EF5005971B7 /* Debug */ = {
			isa = XCBuildConfiguration;
			buildSettings = {
				ALWAYS_SEARCH_USER_PATHS = NO;
				CLANG_ANALYZER_NONNULL = YES;
				CLANG_ANALYZER_NUMBER_OBJECT_CONVERSION = YES_AGGRESSIVE;
				CLANG_CXX_LANGUAGE_STANDARD = "gnu++14";
				CLANG_CXX_LIBRARY = "libc++";
				CLANG_ENABLE_MODULES = YES;
				CLANG_ENABLE_OBJC_ARC = YES;
				CLANG_ENABLE_OBJC_WEAK = YES;
				CLANG_WARN_BLOCK_CAPTURE_AUTORELEASING = YES;
				CLANG_WARN_BOOL_CONVERSION = YES;
				CLANG_WARN_COMMA = YES;
				CLANG_WARN_CONSTANT_CONVERSION = YES;
				CLANG_WARN_DEPRECATED_OBJC_IMPLEMENTATIONS = YES;
				CLANG_WARN_DIRECT_OBJC_ISA_USAGE = YES_ERROR;
				CLANG_WARN_DOCUMENTATION_COMMENTS = YES;
				CLANG_WARN_EMPTY_BODY = YES;
				CLANG_WARN_ENUM_CONVERSION = YES;
				CLANG_WARN_INFINITE_RECURSION = YES;
				CLANG_WARN_INT_CONVERSION = YES;
				CLANG_WARN_NON_LITERAL_NULL_CONVERSION = YES;
				CLANG_WARN_OBJC_IMPLICIT_RETAIN_SELF = YES;
				CLANG_WARN_OBJC_LITERAL_CONVERSION = YES;
				CLANG_WARN_OBJC_ROOT_CLASS = YES_ERROR;
				CLANG_WARN_RANGE_LOOP_ANALYSIS = YES;
				CLANG_WARN_STRICT_PROTOTYPES = YES;
				CLANG_WARN_SUSPICIOUS_MOVE = YES;
				CLANG_WARN_UNGUARDED_AVAILABILITY = YES_AGGRESSIVE;
				CLANG_WARN_UNREACHABLE_CODE = YES;
				CLANG_WARN__DUPLICATE_METHOD_MATCH = YES;
				CODE_SIGN_IDENTITY = "iPhone Developer";
				COPY_PHASE_STRIP = NO;
				DEBUG_INFORMATION_FORMAT = dwarf;
				ENABLE_STRICT_OBJC_MSGSEND = YES;
				ENABLE_TESTABILITY = YES;
				GCC_C_LANGUAGE_STANDARD = gnu11;
				GCC_DYNAMIC_NO_PIC = NO;
				GCC_NO_COMMON_BLOCKS = YES;
				GCC_OPTIMIZATION_LEVEL = 0;
				GCC_PREPROCESSOR_DEFINITIONS = (
					"DEBUG=1",
					"$(inherited)",
				);
				GCC_WARN_64_TO_32_BIT_CONVERSION = YES;
				GCC_WARN_ABOUT_RETURN_TYPE = YES_ERROR;
				GCC_WARN_UNDECLARED_SELECTOR = YES;
				GCC_WARN_UNINITIALIZED_AUTOS = YES_AGGRESSIVE;
				GCC_WARN_UNUSED_FUNCTION = YES;
				GCC_WARN_UNUSED_VARIABLE = YES;
				IPHONEOS_DEPLOYMENT_TARGET = 11.4;
				MTL_ENABLE_DEBUG_INFO = YES;
				ONLY_ACTIVE_ARCH = YES;
				SDKROOT = iphoneos;
				SWIFT_ACTIVE_COMPILATION_CONDITIONS = DEBUG;
				SWIFT_OPTIMIZATION_LEVEL = "-Onone";
			};
			name = Debug;
		};
		641A4683216E2EF5005971B7 /* Release */ = {
			isa = XCBuildConfiguration;
			buildSettings = {
				ALWAYS_SEARCH_USER_PATHS = NO;
				CLANG_ANALYZER_NONNULL = YES;
				CLANG_ANALYZER_NUMBER_OBJECT_CONVERSION = YES_AGGRESSIVE;
				CLANG_CXX_LANGUAGE_STANDARD = "gnu++14";
				CLANG_CXX_LIBRARY = "libc++";
				CLANG_ENABLE_MODULES = YES;
				CLANG_ENABLE_OBJC_ARC = YES;
				CLANG_ENABLE_OBJC_WEAK = YES;
				CLANG_WARN_BLOCK_CAPTURE_AUTORELEASING = YES;
				CLANG_WARN_BOOL_CONVERSION = YES;
				CLANG_WARN_COMMA = YES;
				CLANG_WARN_CONSTANT_CONVERSION = YES;
				CLANG_WARN_DEPRECATED_OBJC_IMPLEMENTATIONS = YES;
				CLANG_WARN_DIRECT_OBJC_ISA_USAGE = YES_ERROR;
				CLANG_WARN_DOCUMENTATION_COMMENTS = YES;
				CLANG_WARN_EMPTY_BODY = YES;
				CLANG_WARN_ENUM_CONVERSION = YES;
				CLANG_WARN_INFINITE_RECURSION = YES;
				CLANG_WARN_INT_CONVERSION = YES;
				CLANG_WARN_NON_LITERAL_NULL_CONVERSION = YES;
				CLANG_WARN_OBJC_IMPLICIT_RETAIN_SELF = YES;
				CLANG_WARN_OBJC_LITERAL_CONVERSION = YES;
				CLANG_WARN_OBJC_ROOT_CLASS = YES_ERROR;
				CLANG_WARN_RANGE_LOOP_ANALYSIS = YES;
				CLANG_WARN_STRICT_PROTOTYPES = YES;
				CLANG_WARN_SUSPICIOUS_MOVE = YES;
				CLANG_WARN_UNGUARDED_AVAILABILITY = YES_AGGRESSIVE;
				CLANG_WARN_UNREACHABLE_CODE = YES;
				CLANG_WARN__DUPLICATE_METHOD_MATCH = YES;
				CODE_SIGN_IDENTITY = "iPhone Developer";
				COPY_PHASE_STRIP = NO;
				DEBUG_INFORMATION_FORMAT = "dwarf-with-dsym";
				ENABLE_NS_ASSERTIONS = NO;
				ENABLE_STRICT_OBJC_MSGSEND = YES;
				GCC_C_LANGUAGE_STANDARD = gnu11;
				GCC_NO_COMMON_BLOCKS = YES;
				GCC_WARN_64_TO_32_BIT_CONVERSION = YES;
				GCC_WARN_ABOUT_RETURN_TYPE = YES_ERROR;
				GCC_WARN_UNDECLARED_SELECTOR = YES;
				GCC_WARN_UNINITIALIZED_AUTOS = YES_AGGRESSIVE;
				GCC_WARN_UNUSED_FUNCTION = YES;
				GCC_WARN_UNUSED_VARIABLE = YES;
				IPHONEOS_DEPLOYMENT_TARGET = 11.4;
				MTL_ENABLE_DEBUG_INFO = NO;
				SDKROOT = iphoneos;
				SWIFT_COMPILATION_MODE = wholemodule;
				SWIFT_OPTIMIZATION_LEVEL = "-O";
				VALIDATE_PRODUCT = YES;
			};
			name = Release;
		};
		641A4685216E2EF5005971B7 /* Debug */ = {
			isa = XCBuildConfiguration;
			baseConfigurationReference = E08EBBE44FB1E59931224661 /* Pods-Wekenn.debug.xcconfig */;
			buildSettings = {
				ASSETCATALOG_COMPILER_APPICON_NAME = AppIcon;
				CODE_SIGN_STYLE = Automatic;
				INFOPLIST_FILE = Wekenn/Info.plist;
				LD_RUNPATH_SEARCH_PATHS = (
					"$(inherited)",
					"@executable_path/Frameworks",
				);
				PRODUCT_BUNDLE_IDENTIFIER = jfsl.Wekenn;
				PRODUCT_NAME = "$(TARGET_NAME)";
				SWIFT_VERSION = 4.0;
				TARGETED_DEVICE_FAMILY = "1,2";
			};
			name = Debug;
		};
		641A4686216E2EF5005971B7 /* Release */ = {
			isa = XCBuildConfiguration;
			baseConfigurationReference = 208622A255D378AFCA74EB0E /* Pods-Wekenn.release.xcconfig */;
			buildSettings = {
				ASSETCATALOG_COMPILER_APPICON_NAME = AppIcon;
				CODE_SIGN_STYLE = Automatic;
				INFOPLIST_FILE = Wekenn/Info.plist;
				LD_RUNPATH_SEARCH_PATHS = (
					"$(inherited)",
					"@executable_path/Frameworks",
				);
				PRODUCT_BUNDLE_IDENTIFIER = jfsl.Wekenn;
				PRODUCT_NAME = "$(TARGET_NAME)";
				SWIFT_VERSION = 4.0;
				TARGETED_DEVICE_FAMILY = "1,2";
			};
			name = Release;
		};
		641A4688216E2EF5005971B7 /* Debug */ = {
			isa = XCBuildConfiguration;
			baseConfigurationReference = 06F17CA162ACCA74A8E96481 /* Pods-WekennTests.debug.xcconfig */;
			buildSettings = {
				ALWAYS_EMBED_SWIFT_STANDARD_LIBRARIES = YES;
				BUNDLE_LOADER = "$(TEST_HOST)";
				CODE_SIGN_STYLE = Automatic;
				INFOPLIST_FILE = WekennTests/Info.plist;
				LD_RUNPATH_SEARCH_PATHS = (
					"$(inherited)",
					"@executable_path/Frameworks",
					"@loader_path/Frameworks",
				);
				PRODUCT_BUNDLE_IDENTIFIER = jfsl.WekennTests;
				PRODUCT_NAME = "$(TARGET_NAME)";
				SWIFT_VERSION = 4.0;
				TARGETED_DEVICE_FAMILY = "1,2";
				TEST_HOST = "$(BUILT_PRODUCTS_DIR)/Wekenn.app/Wekenn";
			};
			name = Debug;
		};
		641A4689216E2EF5005971B7 /* Release */ = {
			isa = XCBuildConfiguration;
			baseConfigurationReference = 674DCEDCABAA15ED25353148 /* Pods-WekennTests.release.xcconfig */;
			buildSettings = {
				ALWAYS_EMBED_SWIFT_STANDARD_LIBRARIES = YES;
				BUNDLE_LOADER = "$(TEST_HOST)";
				CODE_SIGN_STYLE = Automatic;
				INFOPLIST_FILE = WekennTests/Info.plist;
				LD_RUNPATH_SEARCH_PATHS = (
					"$(inherited)",
					"@executable_path/Frameworks",
					"@loader_path/Frameworks",
				);
				PRODUCT_BUNDLE_IDENTIFIER = jfsl.WekennTests;
				PRODUCT_NAME = "$(TARGET_NAME)";
				SWIFT_VERSION = 4.0;
				TARGETED_DEVICE_FAMILY = "1,2";
				TEST_HOST = "$(BUILT_PRODUCTS_DIR)/Wekenn.app/Wekenn";
			};
			name = Release;
		};
		641A468B216E2EF5005971B7 /* Debug */ = {
			isa = XCBuildConfiguration;
			baseConfigurationReference = BA314AB9418BADB19E687832 /* Pods-WekennUITests.debug.xcconfig */;
			buildSettings = {
				ALWAYS_EMBED_SWIFT_STANDARD_LIBRARIES = YES;
				CODE_SIGN_STYLE = Automatic;
				INFOPLIST_FILE = WekennUITests/Info.plist;
				LD_RUNPATH_SEARCH_PATHS = (
					"$(inherited)",
					"@executable_path/Frameworks",
					"@loader_path/Frameworks",
				);
				PRODUCT_BUNDLE_IDENTIFIER = jfsl.WekennUITests;
				PRODUCT_NAME = "$(TARGET_NAME)";
				SWIFT_VERSION = 4.0;
				TARGETED_DEVICE_FAMILY = "1,2";
				TEST_TARGET_NAME = Wekenn;
			};
			name = Debug;
		};
		641A468C216E2EF5005971B7 /* Release */ = {
			isa = XCBuildConfiguration;
			baseConfigurationReference = 9970A3E319C01C3962079C72 /* Pods-WekennUITests.release.xcconfig */;
			buildSettings = {
				ALWAYS_EMBED_SWIFT_STANDARD_LIBRARIES = YES;
				CODE_SIGN_STYLE = Automatic;
				INFOPLIST_FILE = WekennUITests/Info.plist;
				LD_RUNPATH_SEARCH_PATHS = (
					"$(inherited)",
					"@executable_path/Frameworks",
					"@loader_path/Frameworks",
				);
				PRODUCT_BUNDLE_IDENTIFIER = jfsl.WekennUITests;
				PRODUCT_NAME = "$(TARGET_NAME)";
				SWIFT_VERSION = 4.0;
				TARGETED_DEVICE_FAMILY = "1,2";
				TEST_TARGET_NAME = Wekenn;
			};
			name = Release;
		};
/* End XCBuildConfiguration section */

/* Begin XCConfigurationList section */
		641A4657216E2EF2005971B7 /* Build configuration list for PBXProject "Wekenn" */ = {
			isa = XCConfigurationList;
			buildConfigurations = (
				641A4682216E2EF5005971B7 /* Debug */,
				641A4683216E2EF5005971B7 /* Release */,
			);
			defaultConfigurationIsVisible = 0;
			defaultConfigurationName = Release;
		};
		641A4684216E2EF5005971B7 /* Build configuration list for PBXNativeTarget "Wekenn" */ = {
			isa = XCConfigurationList;
			buildConfigurations = (
				641A4685216E2EF5005971B7 /* Debug */,
				641A4686216E2EF5005971B7 /* Release */,
			);
			defaultConfigurationIsVisible = 0;
			defaultConfigurationName = Release;
		};
		641A4687216E2EF5005971B7 /* Build configuration list for PBXNativeTarget "WekennTests" */ = {
			isa = XCConfigurationList;
			buildConfigurations = (
				641A4688216E2EF5005971B7 /* Debug */,
				641A4689216E2EF5005971B7 /* Release */,
			);
			defaultConfigurationIsVisible = 0;
			defaultConfigurationName = Release;
		};
		641A468A216E2EF5005971B7 /* Build configuration list for PBXNativeTarget "WekennUITests" */ = {
			isa = XCConfigurationList;
			buildConfigurations = (
				641A468B216E2EF5005971B7 /* Debug */,
				641A468C216E2EF5005971B7 /* Release */,
			);
			defaultConfigurationIsVisible = 0;
			defaultConfigurationName = Release;
		};
/* End XCConfigurationList section */
	};
	rootObject = 641A4654216E2EF2005971B7 /* Project object */;
}
